
Microsoft Visual Studio Solution File, Format Version 12.00
# Visual Studio Version 17
VisualStudioVersion = 17.11.35327.3
MinimumVisualStudioVersion = 10.0.40219.1
Project("{FAE04EC0-301F-11D3-BF4B-00C04F79EFBC}") = "GreetingKata", "GreetingKata\GreetingKata.csproj", "{9C6BCA3E-6FDF-44D1-BDE4-119C448004FB}"
EndProject
Project("{FAE04EC0-301F-11D3-BF4B-00C04F79EFBC}") = "GreetingKataTests", "GreetingTests\GreetingKataTests.csproj", "{3D80757D-4D83-4A89-AE59-D8D2BC854555}"
EndProject
Global
	GlobalSection(SolutionConfigurationPlatforms) = preSolution
		Debug|Any CPU = Debug|Any CPU
		Release|Any CPU = Release|Any CPU
	EndGlobalSection
	GlobalSection(ProjectConfigurationPlatforms) = postSolution
		{9C6BCA3E-6FDF-44D1-BDE4-119C448004FB}.Debug|Any CPU.ActiveCfg = Debug|Any CPU
		{9C6BCA3E-6FDF-44D1-BDE4-119C448004FB}.Debug|Any CPU.Build.0 = Debug|Any CPU
		{9C6BCA3E-6FDF-44D1-BDE4-119C448004FB}.Release|Any CPU.ActiveCfg = Release|Any CPU
		{9C6BCA3E-6FDF-44D1-BDE4-119C448004FB}.Release|Any CPU.Build.0 = Release|Any CPU
		{3D80757D-4D83-4A89-AE59-D8D2BC854555}.Debug|Any CPU.ActiveCfg = Debug|Any CPU
		{3D80757D-4D83-4A89-AE59-D8D2BC854555}.Debug|Any CPU.Build.0 = Debug|Any CPU
		{3D80757D-4D83-4A89-AE59-D8D2BC854555}.Release|Any CPU.ActiveCfg = Release|Any CPU
		{3D80757D-4D83-4A89-AE59-D8D2BC854555}.Release|Any CPU.Build.0 = Release|Any CPU
	EndGlobalSection
	GlobalSection(SolutionProperties) = preSolution
		HideSolutionNode = FALSE
	EndGlobalSection
	GlobalSection(ExtensibilityGlobals) = postSolution
		SolutionGuid = {13F5DEAA-C751-4392-BAEF-C4573230AEBC}
	EndGlobalSection
EndGlobal
